
Microsoft Visual Studio Solution File, Format Version 12.00
# Visual Studio Version 17
VisualStudioVersion = 17.4.33205.214
MinimumVisualStudioVersion = 10.0.40219.1
Project("{FAE04EC0-301F-11D3-BF4B-00C04F79EFBC}") = "ProductMobileApp.Android", "ProductMobileApp\ProductMobileApp.Android\ProductMobileApp.Android.csproj", "{2B26883D-70C9-49CC-914E-DEB6D3E3F32F}"
EndProject
Project("{FAE04EC0-301F-11D3-BF4B-00C04F79EFBC}") = "ProductMobileApp.iOS", "ProductMobileApp\ProductMobileApp.iOS\ProductMobileApp.iOS.csproj", "{F3E9C9D3-8892-4C3E-96AB-0A8CCD7AD2ED}"
EndProject
Project("{FAE04EC0-301F-11D3-BF4B-00C04F79EFBC}") = "ProductMobileApp", "ProductMobileApp\ProductMobileApp\ProductMobileApp.csproj", "{43E813CB-54B4-4221-838B-33EE974D8FD9}"
EndProject
Global
	GlobalSection(SolutionConfigurationPlatforms) = preSolution
		Debug|Any CPU = Debug|Any CPU
		Debug|iPhone = Debug|iPhone
		Debug|iPhoneSimulator = Debug|iPhoneSimulator
		Release|Any CPU = Release|Any CPU
		Release|iPhone = Release|iPhone
		Release|iPhoneSimulator = Release|iPhoneSimulator
	EndGlobalSection
	GlobalSection(ProjectConfigurationPlatforms) = postSolution
		{2B26883D-70C9-49CC-914E-DEB6D3E3F32F}.Debug|Any CPU.ActiveCfg = Debug|Any CPU
		{2B26883D-70C9-49CC-914E-DEB6D3E3F32F}.Debug|Any CPU.Build.0 = Debug|Any CPU
		{2B26883D-70C9-49CC-914E-DEB6D3E3F32F}.Debug|Any CPU.Deploy.0 = Debug|Any CPU
		{2B26883D-70C9-49CC-914E-DEB6D3E3F32F}.Debug|iPhone.ActiveCfg = Debug|Any CPU
		{2B26883D-70C9-49CC-914E-DEB6D3E3F32F}.Debug|iPhone.Build.0 = Debug|Any CPU
		{2B26883D-70C9-49CC-914E-DEB6D3E3F32F}.Debug|iPhone.Deploy.0 = Debug|Any CPU
		{2B26883D-70C9-49CC-914E-DEB6D3E3F32F}.Debug|iPhoneSimulator.ActiveCfg = Debug|Any CPU
		{2B26883D-70C9-49CC-914E-DEB6D3E3F32F}.Debug|iPhoneSimulator.Build.0 = Debug|Any CPU
		{2B26883D-70C9-49CC-914E-DEB6D3E3F32F}.Debug|iPhoneSimulator.Deploy.0 = Debug|Any CPU
		{2B26883D-70C9-49CC-914E-DEB6D3E3F32F}.Release|Any CPU.ActiveCfg = Release|Any CPU
		{2B26883D-70C9-49CC-914E-DEB6D3E3F32F}.Release|Any CPU.Build.0 = Release|Any CPU
		{2B26883D-70C9-49CC-914E-DEB6D3E3F32F}.Release|Any CPU.Deploy.0 = Release|Any CPU
		{2B26883D-70C9-49CC-914E-DEB6D3E3F32F}.Release|iPhone.ActiveCfg = Release|Any CPU
		{2B26883D-70C9-49CC-914E-DEB6D3E3F32F}.Release|iPhone.Build.0 = Release|Any CPU
		{2B26883D-70C9-49CC-914E-DEB6D3E3F32F}.Release|iPhone.Deploy.0 = Release|Any CPU
		{2B26883D-70C9-49CC-914E-DEB6D3E3F32F}.Release|iPhoneSimulator.ActiveCfg = Release|Any CPU
		{2B26883D-70C9-49CC-914E-DEB6D3E3F32F}.Release|iPhoneSimulator.Build.0 = Release|Any CPU
		{2B26883D-70C9-49CC-914E-DEB6D3E3F32F}.Release|iPhoneSimulator.Deploy.0 = Release|Any CPU
		{F3E9C9D3-8892-4C3E-96AB-0A8CCD7AD2ED}.Debug|Any CPU.ActiveCfg = Debug|iPhone
		{F3E9C9D3-8892-4C3E-96AB-0A8CCD7AD2ED}.Debug|Any CPU.Build.0 = Debug|iPhone
		{F3E9C9D3-8892-4C3E-96AB-0A8CCD7AD2ED}.Debug|Any CPU.Deploy.0 = Debug|iPhone
		{F3E9C9D3-8892-4C3E-96AB-0A8CCD7AD2ED}.Debug|iPhone.ActiveCfg = Debug|iPhone
		{F3E9C9D3-8892-4C3E-96AB-0A8CCD7AD2ED}.Debug|iPhone.Build.0 = Debug|iPhone
		{F3E9C9D3-8892-4C3E-96AB-0A8CCD7AD2ED}.Debug|iPhone.Deploy.0 = Debug|iPhone
		{F3E9C9D3-8892-4C3E-96AB-0A8CCD7AD2ED}.Debug|iPhoneSimulator.ActiveCfg = Debug|iPhoneSimulator
		{F3E9C9D3-8892-4C3E-96AB-0A8CCD7AD2ED}.Debug|iPhoneSimulator.Build.0 = Debug|iPhoneSimulator
		{F3E9C9D3-8892-4C3E-96AB-0A8CCD7AD2ED}.Debug|iPhoneSimulator.Deploy.0 = Debug|iPhoneSimulator
		{F3E9C9D3-8892-4C3E-96AB-0A8CCD7AD2ED}.Release|Any CPU.ActiveCfg = Release|iPhoneSimulator
		{F3E9C9D3-8892-4C3E-96AB-0A8CCD7AD2ED}.Release|Any CPU.Build.0 = Release|iPhoneSimulator
		{F3E9C9D3-8892-4C3E-96AB-0A8CCD7AD2ED}.Release|Any CPU.Deploy.0 = Release|iPhoneSimulator
		{F3E9C9D3-8892-4C3E-96AB-0A8CCD7AD2ED}.Release|iPhone.ActiveCfg = Release|iPhone
		{F3E9C9D3-8892-4C3E-96AB-0A8CCD7AD2ED}.Release|iPhone.Build.0 = Release|iPhone
		{F3E9C9D3-8892-4C3E-96AB-0A8CCD7AD2ED}.Release|iPhone.Deploy.0 = Release|iPhone
		{F3E9C9D3-8892-4C3E-96AB-0A8CCD7AD2ED}.Release|iPhoneSimulator.ActiveCfg = Release|iPhoneSimulator
		{F3E9C9D3-8892-4C3E-96AB-0A8CCD7AD2ED}.Release|iPhoneSimulator.Build.0 = Release|iPhoneSimulator
		{F3E9C9D3-8892-4C3E-96AB-0A8CCD7AD2ED}.Release|iPhoneSimulator.Deploy.0 = Release|iPhoneSimulator
		{43E813CB-54B4-4221-838B-33EE974D8FD9}.Debug|Any CPU.ActiveCfg = Debug|Any CPU
		{43E813CB-54B4-4221-838B-33EE974D8FD9}.Debug|Any CPU.Build.0 = Debug|Any CPU
		{43E813CB-54B4-4221-838B-33EE974D8FD9}.Debug|Any CPU.Deploy.0 = Debug|Any CPU
		{43E813CB-54B4-4221-838B-33EE974D8FD9}.Debug|iPhone.ActiveCfg = Debug|Any CPU
		{43E813CB-54B4-4221-838B-33EE974D8FD9}.Debug|iPhone.Build.0 = Debug|Any CPU
		{43E813CB-54B4-4221-838B-33EE974D8FD9}.Debug|iPhone.Deploy.0 = Debug|Any CPU
		{43E813CB-54B4-4221-838B-33EE974D8FD9}.Debug|iPhoneSimulator.ActiveCfg = Debug|Any CPU
		{43E813CB-54B4-4221-838B-33EE974D8FD9}.Debug|iPhoneSimulator.Build.0 = Debug|Any CPU
		{43E813CB-54B4-4221-838B-33EE974D8FD9}.Debug|iPhoneSimulator.Deploy.0 = Debug|Any CPU
		{43E813CB-54B4-4221-838B-33EE974D8FD9}.Release|Any CPU.ActiveCfg = Release|Any CPU
		{43E813CB-54B4-4221-838B-33EE974D8FD9}.Release|Any CPU.Build.0 = Release|Any CPU
		{43E813CB-54B4-4221-838B-33EE974D8FD9}.Release|Any CPU.Deploy.0 = Release|Any CPU
		{43E813CB-54B4-4221-838B-33EE974D8FD9}.Release|iPhone.ActiveCfg = Release|Any CPU
		{43E813CB-54B4-4221-838B-33EE974D8FD9}.Release|iPhone.Build.0 = Release|Any CPU
		{43E813CB-54B4-4221-838B-33EE974D8FD9}.Release|iPhone.Deploy.0 = Release|Any CPU
		{43E813CB-54B4-4221-838B-33EE974D8FD9}.Release|iPhoneSimulator.ActiveCfg = Release|Any CPU
		{43E813CB-54B4-4221-838B-33EE974D8FD9}.Release|iPhoneSimulator.Build.0 = Release|Any CPU
		{43E813CB-54B4-4221-838B-33EE974D8FD9}.Release|iPhoneSimulator.Deploy.0 = Release|Any CPU
	EndGlobalSection
	GlobalSection(SolutionProperties) = preSolution
		HideSolutionNode = FALSE
	EndGlobalSection
	GlobalSection(ExtensibilityGlobals) = postSolution
		SolutionGuid = {E898FBB6-A5F4-4979-9378-8B1DFDC540C9}
	EndGlobalSection
EndGlobal
